{
  "version": 4,
  "terraform_version": "1.4.4",
  "serial": 19,
  "lineage": "856cd1ac-d862-e92b-50e4-4301a82722c2",
  "outputs": {
    "aws_ec2_instances": {
      "value": 4,
      "type": "number"
    },
    "devops_op_trainer": {
      "value": "mohammad",
      "type": "string"
    },
    "tf_batch_students": {
      "value": 90,
      "type": "number"
    }
  },
  "resources": [
    {
      "mode": "managed",
      "type": "local_file",
      "name": "devops",
      "provider": "provider[\"registry.terraform.io/hashicorp/local\"]",
      "instances": [
        {
          "schema_version": 0,
          "attributes": {
            "content": " This is a cool content 1",
            "content_base64": null,
            "content_base64sha256": "yGLC9XEkC+gE8nJvwgjBesnU5/2yZW35WiHUGV+N+9Q=",
            "content_base64sha512": "o0/g6rxiAGG1w67r1vm6k0H2FsRSi0WncZFws6oDubdUtbXvB+gu+CiS6F2ue1u4Bx2JlaEi3ickqZgN/2tbcg==",
            "content_md5": "0e72a0b567ef8193d1854d8a94fa9a96",
            "content_sha1": "448328faa37fc78fd924026e0656f4e1530dabb5",
            "content_sha256": "c862c2f571240be804f2726fc208c17ac9d4e7fdb2656df95a21d4195f8dfbd4",
            "content_sha512": "a34fe0eabc620061b5c3aeebd6f9ba9341f616c4528b45a7719170b3aa03b9b754b5b5ef07e82ef82892e85dae7b5bb8071d8995a122de2724a9980dff6b5b72",
            "directory_permission": "0777",
            "file_permission": "0777",
            "filename": "/home/ubuntu/terraform-course/terraform-variables/file_1.txt",
            "id": "448328faa37fc78fd924026e0656f4e1530dabb5",
            "sensitive_content": null,
            "source": null
          },
          "sensitive_attributes": []
        }
      ]
    },
    {
      "mode": "managed",
      "type": "local_file",
      "name": "devops-var",
      "provider": "provider[\"registry.terraform.io/hashicorp/local\"]",
      "instances": [
        {
          "schema_version": 0,
          "attributes": {
            "content": " This ia a cooler content 2",
            "content_base64": null,
            "content_base64sha256": "M0qRR3fM7rtgdZposqkbOO20T5d8M/l43/1q6YSw+00=",
            "content_base64sha512": "6tEinSWrFCkf9D9reBcpleap9DGerQ+Twnhd1yNxGA65Kw9ETEg1Fo6uCvfhqaUhkMNExCpUu2UvygF1yElacQ==",
            "content_md5": "65864383d9edf4e2e08311888ca912ce",
            "content_sha1": "42aa94015dfd8621f0fa98a4b4bb8cc35943f746",
            "content_sha256": "334a914777cceebb60759a68b2a91b38edb44f977c33f978dffd6ae984b0fb4d",
            "content_sha512": "ead1229d25ab14291ff43f6b78172995e6a9f4319ead0f93c2785dd72371180eb92b0f444c4835168eae0af7e1a9a52190c344c42a54bb652fca0175c8495a71",
            "directory_permission": "0777",
            "file_permission": "0777",
            "filename": "/home/ubuntu/terraform-course/terraform-variables/file_2.txt",
            "id": "42aa94015dfd8621f0fa98a4b4bb8cc35943f746",
            "sensitive_content": null,
            "source": null
          },
          "sensitive_attributes": []
        }
      ]
    }
  ],
  "check_results": null
}
