{
  "version": 4,
  "terraform_version": "1.4.4",
  "serial": 3,
  "lineage": "a3f36e81-0072-f2d1-3aae-fce6d7f9a0a7",
  "outputs": {
    "rand_str": {
      "value": [
        "l}KT7B\u003cH�:\u003eEj/}3"
      ],
      "type": [
        "tuple",
        [
          "string"
        ]
      ]
    }
  },
  "resources": [
    {
      "mode": "managed",
      "type": "local_file",
      "name": "devops",
      "provider": "provider[\"registry.terraform.io/hashicorp/local\"]",
      "instances": [
        {
          "schema_version": 0,
          "attributes": {
            "content": "I want to become a DevOps Engineer who knows terraform",
            "content_base64": null,
            "content_base64sha256": "8EwTBfsVMTsP98+0aPeBK3nYWIqcLGumOw9opYXiazU=",
            "content_base64sha512": "NVBZXvU5gom01kM3ETmjf54IE27GoLmvmo0e0kNo3B4XSDJnjKA1ZZfGguIm/GpuM9Xloo0gpNG4F+yZTfgg6A==",
            "content_md5": "f27c141d654807829a74af5f2c1d335f",
            "content_sha1": "813b267d4072c017dffcac6aadb4c37613a993df",
            "content_sha256": "f04c1305fb15313b0ff7cfb468f7812b79d8588a9c2c6ba63b0f68a585e26b35",
            "content_sha512": "3550595ef5398289b4d643371139a37f9e08136ec6a0b9af9a8d1ed24368dc1e174832678ca0356597c682e226fc6a6e33d5e5a28d20a4d1b817ec994df820e8",
            "directory_permission": "0777",
            "file_permission": "0777",
            "filename": "/home/ubuntu/terraform-course/terraform-local/devops_automated.txt",
            "id": "813b267d4072c017dffcac6aadb4c37613a993df",
            "sensitive_content": null,
            "source": null
          },
          "sensitive_attributes": []
        }
      ]
    },
    {
      "mode": "managed",
      "type": "random_string",
      "name": "rand-str",
      "provider": "provider[\"registry.terraform.io/hashicorp/random\"]",
      "instances": [
        {
          "schema_version": 2,
          "attributes": {
            "id": "l}KT7B\u003cH\ufffd:\u003eEj/}3",
            "keepers": null,
            "length": 16,
            "lower": true,
            "min_lower": 0,
            "min_numeric": 0,
            "min_special": 0,
            "min_upper": 0,
            "number": true,
            "numeric": true,
            "override_special": "!#$§%\u0026/-_-*/+[]{}\u003c\u003e:?",
            "result": "l}KT7B\u003cH\ufffd:\u003eEj/}3",
            "special": true,
            "upper": true
          },
          "sensitive_attributes": []
        }
      ]
    }
  ],
  "check_results": null
}
